// !$*UTF8*$!
{
	archiveVersion = 1;
	classes = {
	};
	objectVersion = 50;
	objects = {

/* Begin PBXBuildFile section */
		571701A7229757E100361B09 /* TableViewCell.swift in Sources */ = {isa = PBXBuildFile; fileRef = 571701A6229757E100361B09 /* TableViewCell.swift */; };
		571701A9229758CB00361B09 /* CollectionViewCell.swift in Sources */ = {isa = PBXBuildFile; fileRef = 571701A8229758CB00361B09 /* CollectionViewCell.swift */; };
		571701AB22975A0400361B09 /* SearchViewController.swift in Sources */ = {isa = PBXBuildFile; fileRef = 571701AA22975A0400361B09 /* SearchViewController.swift */; };
		571701AD22975E6800361B09 /* ResultsViewController.swift in Sources */ = {isa = PBXBuildFile; fileRef = 571701AC22975E6800361B09 /* ResultsViewController.swift */; };
		571701B022975EC900361B09 /* StatsViewController.swift in Sources */ = {isa = PBXBuildFile; fileRef = 571701AF22975EC900361B09 /* StatsViewController.swift */; };
		571701B42297710000361B09 /* SettingsViewController.swift in Sources */ = {isa = PBXBuildFile; fileRef = 571701B32297710000361B09 /* SettingsViewController.swift */; };
		5734E92322B84C540020BECA /* HomeCollectionViewController.swift in Sources */ = {isa = PBXBuildFile; fileRef = 5734E92222B84C540020BECA /* HomeCollectionViewController.swift */; };
		5734E92522B84EFB0020BECA /* HomeCollectionViewCell.swift in Sources */ = {isa = PBXBuildFile; fileRef = 5734E92422B84EFB0020BECA /* HomeCollectionViewCell.swift */; };
		5734E92722B85BE50020BECA /* SectorController.swift in Sources */ = {isa = PBXBuildFile; fileRef = 5734E92622B85BE50020BECA /* SectorController.swift */; };
		5734E92922B860530020BECA /* SectorCollectionViewCellDelegate.swift in Sources */ = {isa = PBXBuildFile; fileRef = 5734E92822B860530020BECA /* SectorCollectionViewCellDelegate.swift */; };
		5734E92B22B988830020BECA /* HomeStockDetailViewController.swift in Sources */ = {isa = PBXBuildFile; fileRef = 5734E92A22B988830020BECA /* HomeStockDetailViewController.swift */; };
		574516EA22B19270000F8118 /* HomeTableViewController.swift in Sources */ = {isa = PBXBuildFile; fileRef = 574516E922B1926F000F8118 /* HomeTableViewController.swift */; };
		574516EC22B192D9000F8118 /* HomeTableViewCell.swift in Sources */ = {isa = PBXBuildFile; fileRef = 574516EB22B192D9000F8118 /* HomeTableViewCell.swift */; };
		574C846322B2EA5200390342 /* Collection.swift in Sources */ = {isa = PBXBuildFile; fileRef = 574C846222B2EA5200390342 /* Collection.swift */; };
		574C846622B2EC8300390342 /* DataGetter.swift in Sources */ = {isa = PBXBuildFile; fileRef = 574C846522B2EC8300390342 /* DataGetter.swift */; };
		574C846A22B2ECF500390342 /* StockController.swift in Sources */ = {isa = PBXBuildFile; fileRef = 574C846922B2ECF500390342 /* StockController.swift */; };
		575BE6262294E39C00456C12 /* GoogleService-Info.plist in Resources */ = {isa = PBXBuildFile; fileRef = 575BE6252294E39C00456C12 /* GoogleService-Info.plist */; };
		576022472294E226003F1784 /* AppDelegate.swift in Sources */ = {isa = PBXBuildFile; fileRef = 576022462294E226003F1784 /* AppDelegate.swift */; };
		5760224C2294E226003F1784 /* Main.storyboard in Resources */ = {isa = PBXBuildFile; fileRef = 5760224A2294E226003F1784 /* Main.storyboard */; };
		5760224E2294E22D003F1784 /* Assets.xcassets in Resources */ = {isa = PBXBuildFile; fileRef = 5760224D2294E22D003F1784 /* Assets.xcassets */; };
		576022512294E22D003F1784 /* LaunchScreen.storyboard in Resources */ = {isa = PBXBuildFile; fileRef = 5760224F2294E22D003F1784 /* LaunchScreen.storyboard */; };
		57F765C62294E66000431F79 /* Default-568h@2x.png in Resources */ = {isa = PBXBuildFile; fileRef = 57F765C52294E66000431F79 /* Default-568h@2x.png */; };
		57F765D62294EB1B00431F79 /* Service.swift in Sources */ = {isa = PBXBuildFile; fileRef = 57F765D52294EB1B00431F79 /* Service.swift */; };
		57F765D92295844A00431F79 /* LaunchScreenViewController.swift in Sources */ = {isa = PBXBuildFile; fileRef = 57F765D82295844A00431F79 /* LaunchScreenViewController.swift */; };
		57F765DB2295848700431F79 /* MainTabBarController.swift in Sources */ = {isa = PBXBuildFile; fileRef = 57F765DA2295848700431F79 /* MainTabBarController.swift */; };
		57F765DD229584EB00431F79 /* Credit.swift in Sources */ = {isa = PBXBuildFile; fileRef = 57F765DC229584EB00431F79 /* Credit.swift */; };
		57F765DF229586AD00431F79 /* WelcomeViewController.swift in Sources */ = {isa = PBXBuildFile; fileRef = 57F765DE229586AD00431F79 /* WelcomeViewController.swift */; };
		57F765E12295980200431F79 /* Onboarding.storyboard in Resources */ = {isa = PBXBuildFile; fileRef = 57F765E02295980200431F79 /* Onboarding.storyboard */; };
		57F765E32295997800431F79 /* SignInViewController.swift in Sources */ = {isa = PBXBuildFile; fileRef = 57F765E22295997800431F79 /* SignInViewController.swift */; };
		57F765E52295998F00431F79 /* SignUpViewController.swift in Sources */ = {isa = PBXBuildFile; fileRef = 57F765E42295998F00431F79 /* SignUpViewController.swift */; };
		57F765EB2295C96400431F79 /* CurrentUser.swift in Sources */ = {isa = PBXBuildFile; fileRef = 57F765EA2295C96400431F79 /* CurrentUser.swift */; };
		5FE9D54C2EA0A29077A5DCE7 /* Pods_Stockly.framework in Frameworks */ = {isa = PBXBuildFile; fileRef = 8896165C8C1E1A1C568E34C2 /* Pods_Stockly.framework */; };
/* End PBXBuildFile section */

/* Begin PBXFileReference section */
		2EC461C1B133537BD2210919 /* Pods-Stockly.debug.xcconfig */ = {isa = PBXFileReference; includeInIndex = 1; lastKnownFileType = text.xcconfig; name = "Pods-Stockly.debug.xcconfig"; path = "Target Support Files/Pods-Stockly/Pods-Stockly.debug.xcconfig"; sourceTree = "<group>"; };
		571701A6229757E100361B09 /* TableViewCell.swift */ = {isa = PBXFileReference; lastKnownFileType = sourcecode.swift; path = TableViewCell.swift; sourceTree = "<group>"; };
		571701A8229758CB00361B09 /* CollectionViewCell.swift */ = {isa = PBXFileReference; lastKnownFileType = sourcecode.swift; path = CollectionViewCell.swift; sourceTree = "<group>"; };
		571701AA22975A0400361B09 /* SearchViewController.swift */ = {isa = PBXFileReference; lastKnownFileType = sourcecode.swift; path = SearchViewController.swift; sourceTree = "<group>"; };
		571701AC22975E6800361B09 /* ResultsViewController.swift */ = {isa = PBXFileReference; lastKnownFileType = sourcecode.swift; path = ResultsViewController.swift; sourceTree = "<group>"; };
		571701AF22975EC900361B09 /* StatsViewController.swift */ = {isa = PBXFileReference; lastKnownFileType = sourcecode.swift; path = StatsViewController.swift; sourceTree = "<group>"; };
		571701B32297710000361B09 /* SettingsViewController.swift */ = {isa = PBXFileReference; lastKnownFileType = sourcecode.swift; path = SettingsViewController.swift; sourceTree = "<group>"; };
		5734E92222B84C540020BECA /* HomeCollectionViewController.swift */ = {isa = PBXFileReference; lastKnownFileType = sourcecode.swift; path = HomeCollectionViewController.swift; sourceTree = "<group>"; };
		5734E92422B84EFB0020BECA /* HomeCollectionViewCell.swift */ = {isa = PBXFileReference; lastKnownFileType = sourcecode.swift; path = HomeCollectionViewCell.swift; sourceTree = "<group>"; };
		5734E92622B85BE50020BECA /* SectorController.swift */ = {isa = PBXFileReference; lastKnownFileType = sourcecode.swift; path = SectorController.swift; sourceTree = "<group>"; };
		5734E92822B860530020BECA /* SectorCollectionViewCellDelegate.swift */ = {isa = PBXFileReference; lastKnownFileType = sourcecode.swift; path = SectorCollectionViewCellDelegate.swift; sourceTree = "<group>"; };
		5734E92A22B988830020BECA /* HomeStockDetailViewController.swift */ = {isa = PBXFileReference; lastKnownFileType = sourcecode.swift; path = HomeStockDetailViewController.swift; sourceTree = "<group>"; };
		574516E922B1926F000F8118 /* HomeTableViewController.swift */ = {isa = PBXFileReference; lastKnownFileType = sourcecode.swift; path = HomeTableViewController.swift; sourceTree = "<group>"; };
		574516EB22B192D9000F8118 /* HomeTableViewCell.swift */ = {isa = PBXFileReference; lastKnownFileType = sourcecode.swift; path = HomeTableViewCell.swift; sourceTree = "<group>"; };
		574C846222B2EA5200390342 /* Collection.swift */ = {isa = PBXFileReference; lastKnownFileType = sourcecode.swift; path = Collection.swift; sourceTree = "<group>"; };
		574C846522B2EC8300390342 /* DataGetter.swift */ = {isa = PBXFileReference; lastKnownFileType = sourcecode.swift; path = DataGetter.swift; sourceTree = "<group>"; };
		574C846922B2ECF500390342 /* StockController.swift */ = {isa = PBXFileReference; lastKnownFileType = sourcecode.swift; path = StockController.swift; sourceTree = "<group>"; };
		575BE6252294E39C00456C12 /* GoogleService-Info.plist */ = {isa = PBXFileReference; fileEncoding = 4; lastKnownFileType = text.plist.xml; path = "GoogleService-Info.plist"; sourceTree = "<group>"; };
		576022432294E226003F1784 /* Stockly.app */ = {isa = PBXFileReference; explicitFileType = wrapper.application; includeInIndex = 0; path = Stockly.app; sourceTree = BUILT_PRODUCTS_DIR; };
		576022462294E226003F1784 /* AppDelegate.swift */ = {isa = PBXFileReference; lastKnownFileType = sourcecode.swift; path = AppDelegate.swift; sourceTree = "<group>"; };
		5760224B2294E226003F1784 /* Base */ = {isa = PBXFileReference; lastKnownFileType = file.storyboard; name = Base; path = Base.lproj/Main.storyboard; sourceTree = "<group>"; };
		5760224D2294E22D003F1784 /* Assets.xcassets */ = {isa = PBXFileReference; lastKnownFileType = folder.assetcatalog; path = Assets.xcassets; sourceTree = "<group>"; };
		576022502294E22D003F1784 /* Base */ = {isa = PBXFileReference; lastKnownFileType = file.storyboard; name = Base; path = Base.lproj/LaunchScreen.storyboard; sourceTree = "<group>"; };
		576022522294E22D003F1784 /* Info.plist */ = {isa = PBXFileReference; lastKnownFileType = text.plist.xml; path = Info.plist; sourceTree = "<group>"; };
		57F765C52294E66000431F79 /* Default-568h@2x.png */ = {isa = PBXFileReference; lastKnownFileType = image.png; path = "Default-568h@2x.png"; sourceTree = "<group>"; };
		57F765D52294EB1B00431F79 /* Service.swift */ = {isa = PBXFileReference; lastKnownFileType = sourcecode.swift; path = Service.swift; sourceTree = "<group>"; };
		57F765D82295844A00431F79 /* LaunchScreenViewController.swift */ = {isa = PBXFileReference; lastKnownFileType = sourcecode.swift; path = LaunchScreenViewController.swift; sourceTree = "<group>"; };
		57F765DA2295848700431F79 /* MainTabBarController.swift */ = {isa = PBXFileReference; lastKnownFileType = sourcecode.swift; path = MainTabBarController.swift; sourceTree = "<group>"; };
		57F765DC229584EB00431F79 /* Credit.swift */ = {isa = PBXFileReference; lastKnownFileType = sourcecode.swift; path = Credit.swift; sourceTree = "<group>"; };
		57F765DE229586AD00431F79 /* WelcomeViewController.swift */ = {isa = PBXFileReference; lastKnownFileType = sourcecode.swift; path = WelcomeViewController.swift; sourceTree = "<group>"; };
		57F765E02295980200431F79 /* Onboarding.storyboard */ = {isa = PBXFileReference; lastKnownFileType = file.storyboard; path = Onboarding.storyboard; sourceTree = "<group>"; };
		57F765E22295997800431F79 /* SignInViewController.swift */ = {isa = PBXFileReference; lastKnownFileType = sourcecode.swift; path = SignInViewController.swift; sourceTree = "<group>"; };
		57F765E42295998F00431F79 /* SignUpViewController.swift */ = {isa = PBXFileReference; lastKnownFileType = sourcecode.swift; path = SignUpViewController.swift; sourceTree = "<group>"; };
		57F765EA2295C96400431F79 /* CurrentUser.swift */ = {isa = PBXFileReference; lastKnownFileType = sourcecode.swift; path = CurrentUser.swift; sourceTree = "<group>"; };
		8896165C8C1E1A1C568E34C2 /* Pods_Stockly.framework */ = {isa = PBXFileReference; explicitFileType = wrapper.framework; includeInIndex = 0; path = Pods_Stockly.framework; sourceTree = BUILT_PRODUCTS_DIR; };
		B6EF84E33B3923BA090D16A3 /* Pods-Stockly.release.xcconfig */ = {isa = PBXFileReference; includeInIndex = 1; lastKnownFileType = text.xcconfig; name = "Pods-Stockly.release.xcconfig"; path = "Target Support Files/Pods-Stockly/Pods-Stockly.release.xcconfig"; sourceTree = "<group>"; };
/* End PBXFileReference section */

/* Begin PBXFrameworksBuildPhase section */
		576022402294E226003F1784 /* Frameworks */ = {
			isa = PBXFrameworksBuildPhase;
			buildActionMask = 2147483647;
			files = (
				5FE9D54C2EA0A29077A5DCE7 /* Pods_Stockly.framework in Frameworks */,
			);
			runOnlyForDeploymentPostprocessing = 0;
		};
/* End PBXFrameworksBuildPhase section */

/* Begin PBXGroup section */
		3223B0EDA53B3B493B4B8111 /* Frameworks */ = {
			isa = PBXGroup;
			children = (
				8896165C8C1E1A1C568E34C2 /* Pods_Stockly.framework */,
			);
			name = Frameworks;
			sourceTree = "<group>";
		};
		574516E822B19254000F8118 /* Home */ = {
			isa = PBXGroup;
			children = (
				574516E922B1926F000F8118 /* HomeTableViewController.swift */,
				5734E92222B84C540020BECA /* HomeCollectionViewController.swift */,
				5734E92822B860530020BECA /* SectorCollectionViewCellDelegate.swift */,
				5734E92A22B988830020BECA /* HomeStockDetailViewController.swift */,
			);
			path = Home;
			sourceTree = "<group>";
		};
		574C846422B2EC7600390342 /* Networking */ = {
			isa = PBXGroup;
			children = (
				574C846522B2EC8300390342 /* DataGetter.swift */,
			);
			path = Networking;
			sourceTree = "<group>";
		};
		575A1EED229776A500EB40F6 /* Login */ = {
			isa = PBXGroup;
			children = (
				57F765E22295997800431F79 /* SignInViewController.swift */,
				57F765E42295998F00431F79 /* SignUpViewController.swift */,
				57F765DE229586AD00431F79 /* WelcomeViewController.swift */,
			);
			path = Login;
			sourceTree = "<group>";
		};
		575A1EEE229776C300EB40F6 /* Account */ = {
			isa = PBXGroup;
			children = (
				571701B32297710000361B09 /* SettingsViewController.swift */,
			);
			path = Account;
			sourceTree = "<group>";
		};
		575A1EEF229776CE00EB40F6 /* Search */ = {
			isa = PBXGroup;
			children = (
				571701AA22975A0400361B09 /* SearchViewController.swift */,
				571701AC22975E6800361B09 /* ResultsViewController.swift */,
				571701AF22975EC900361B09 /* StatsViewController.swift */,
			);
			path = Search;
			sourceTree = "<group>";
		};
		575A1EF02297770A00EB40F6 /* Navigation */ = {
			isa = PBXGroup;
			children = (
				57F765D82295844A00431F79 /* LaunchScreenViewController.swift */,
				57F765DA2295848700431F79 /* MainTabBarController.swift */,
			);
			path = Navigation;
			sourceTree = "<group>";
		};
		575BE6272294E3EB00456C12 /* Resources */ = {
			isa = PBXGroup;
			children = (
				576022462294E226003F1784 /* AppDelegate.swift */,
				5760224D2294E22D003F1784 /* Assets.xcassets */,
				575BE6252294E39C00456C12 /* GoogleService-Info.plist */,
				576022522294E22D003F1784 /* Info.plist */,
				57F765DC229584EB00431F79 /* Credit.swift */,
			);
			path = Resources;
			sourceTree = "<group>";
		};
		575BE6282294E40400456C12 /* Models */ = {
			isa = PBXGroup;
			children = (
				57F765EA2295C96400431F79 /* CurrentUser.swift */,
				574C846222B2EA5200390342 /* Collection.swift */,
			);
			path = Models;
			sourceTree = "<group>";
		};
		575BE6292294E40C00456C12 /* Views */ = {
			isa = PBXGroup;
			children = (
				5734E92422B84EFB0020BECA /* HomeCollectionViewCell.swift */,
				571701A6229757E100361B09 /* TableViewCell.swift */,
				571701A8229758CB00361B09 /* CollectionViewCell.swift */,
				574516EB22B192D9000F8118 /* HomeTableViewCell.swift */,
			);
			path = Views;
			sourceTree = "<group>";
		};
		575BE62A2294E41B00456C12 /* View Controllers */ = {
			isa = PBXGroup;
			children = (
				574516E822B19254000F8118 /* Home */,
				575A1EF02297770A00EB40F6 /* Navigation */,
				575A1EEF229776CE00EB40F6 /* Search */,
				575A1EEE229776C300EB40F6 /* Account */,
				575A1EED229776A500EB40F6 /* Login */,
			);
			path = "View Controllers";
			sourceTree = "<group>";
		};
		575BE62B2294E42600456C12 /* Styling */ = {
			isa = PBXGroup;
			children = (
				57F765D52294EB1B00431F79 /* Service.swift */,
			);
			path = Styling;
			sourceTree = "<group>";
		};
		5760223A2294E226003F1784 = {
			isa = PBXGroup;
			children = (
				57F765C52294E66000431F79 /* Default-568h@2x.png */,
				576022452294E226003F1784 /* Stockly */,
				576022442294E226003F1784 /* Products */,
				6B90094933674CD237A1EA42 /* Pods */,
				3223B0EDA53B3B493B4B8111 /* Frameworks */,
			);
			sourceTree = "<group>";
		};
		576022442294E226003F1784 /* Products */ = {
			isa = PBXGroup;
			children = (
				576022432294E226003F1784 /* Stockly.app */,
			);
			name = Products;
			sourceTree = "<group>";
		};
		576022452294E226003F1784 /* Stockly */ = {
			isa = PBXGroup;
			children = (
				574C846422B2EC7600390342 /* Networking */,
				5763D2D622B2E99E002C5324 /* Model Controllers */,
				575BE62B2294E42600456C12 /* Styling */,
				575BE62A2294E41B00456C12 /* View Controllers */,
				575BE6292294E40C00456C12 /* Views */,
				575BE6282294E40400456C12 /* Models */,
				575BE6272294E3EB00456C12 /* Resources */,
				576022582294E325003F1784 /* Storyboards */,
			);
			path = Stockly;
			sourceTree = "<group>";
		};
		576022582294E325003F1784 /* Storyboards */ = {
			isa = PBXGroup;
			children = (
				5760224A2294E226003F1784 /* Main.storyboard */,
				5760224F2294E22D003F1784 /* LaunchScreen.storyboard */,
				57F765E02295980200431F79 /* Onboarding.storyboard */,
			);
			path = Storyboards;
			sourceTree = "<group>";
		};
		5763D2D622B2E99E002C5324 /* Model Controllers */ = {
			isa = PBXGroup;
			children = (
				574C846922B2ECF500390342 /* StockController.swift */,
				5734E92622B85BE50020BECA /* SectorController.swift */,
			);
			path = "Model Controllers";
			sourceTree = "<group>";
		};
		6B90094933674CD237A1EA42 /* Pods */ = {
			isa = PBXGroup;
			children = (
				2EC461C1B133537BD2210919 /* Pods-Stockly.debug.xcconfig */,
				B6EF84E33B3923BA090D16A3 /* Pods-Stockly.release.xcconfig */,
			);
			path = Pods;
			sourceTree = "<group>";
		};
/* End PBXGroup section */

/* Begin PBXNativeTarget section */
		576022422294E226003F1784 /* Stockly */ = {
			isa = PBXNativeTarget;
			buildConfigurationList = 576022552294E22D003F1784 /* Build configuration list for PBXNativeTarget "Stockly" */;
			buildPhases = (
				BC69B5B3E1E794E5A7A50B00 /* [CP] Check Pods Manifest.lock */,
				5760223F2294E226003F1784 /* Sources */,
				576022402294E226003F1784 /* Frameworks */,
				576022412294E226003F1784 /* Resources */,
				CBEFBDDE9A1277E173474FBB /* [CP] Embed Pods Frameworks */,
			);
			buildRules = (
			);
			dependencies = (
			);
			name = Stockly;
			productName = Stockly;
			productReference = 576022432294E226003F1784 /* Stockly.app */;
			productType = "com.apple.product-type.application";
		};
/* End PBXNativeTarget section */

/* Begin PBXProject section */
		5760223B2294E226003F1784 /* Project object */ = {
			isa = PBXProject;
			attributes = {
				LastSwiftUpdateCheck = 1020;
				LastUpgradeCheck = 1020;
				ORGANIZATIONNAME = com.Victor;
				TargetAttributes = {
					576022422294E226003F1784 = {
						CreatedOnToolsVersion = 10.2.1;
					};
				};
			};
			buildConfigurationList = 5760223E2294E226003F1784 /* Build configuration list for PBXProject "Stockly" */;
			compatibilityVersion = "Xcode 9.3";
			developmentRegion = en;
			hasScannedForEncodings = 0;
			knownRegions = (
				en,
				Base,
			);
			mainGroup = 5760223A2294E226003F1784;
			productRefGroup = 576022442294E226003F1784 /* Products */;
			projectDirPath = "";
			projectRoot = "";
			targets = (
				576022422294E226003F1784 /* Stockly */,
			);
		};
/* End PBXProject section */

/* Begin PBXResourcesBuildPhase section */
		576022412294E226003F1784 /* Resources */ = {
			isa = PBXResourcesBuildPhase;
			buildActionMask = 2147483647;
			files = (
				576022512294E22D003F1784 /* LaunchScreen.storyboard in Resources */,
				5760224E2294E22D003F1784 /* Assets.xcassets in Resources */,
				5760224C2294E226003F1784 /* Main.storyboard in Resources */,
				57F765E12295980200431F79 /* Onboarding.storyboard in Resources */,
				57F765C62294E66000431F79 /* Default-568h@2x.png in Resources */,
				575BE6262294E39C00456C12 /* GoogleService-Info.plist in Resources */,
			);
			runOnlyForDeploymentPostprocessing = 0;
		};
/* End PBXResourcesBuildPhase section */

/* Begin PBXShellScriptBuildPhase section */
		BC69B5B3E1E794E5A7A50B00 /* [CP] Check Pods Manifest.lock */ = {
			isa = PBXShellScriptBuildPhase;
			buildActionMask = 2147483647;
			files = (
			);
			inputFileListPaths = (
			);
			inputPaths = (
				"${PODS_PODFILE_DIR_PATH}/Podfile.lock",
				"${PODS_ROOT}/Manifest.lock",
			);
			name = "[CP] Check Pods Manifest.lock";
			outputFileListPaths = (
			);
			outputPaths = (
				"$(DERIVED_FILE_DIR)/Pods-Stockly-checkManifestLockResult.txt",
			);
			runOnlyForDeploymentPostprocessing = 0;
			shellPath = /bin/sh;
			shellScript = "diff \"${PODS_PODFILE_DIR_PATH}/Podfile.lock\" \"${PODS_ROOT}/Manifest.lock\" > /dev/null\nif [ $? != 0 ] ; then\n    # print error to STDERR\n    echo \"error: The sandbox is not in sync with the Podfile.lock. Run 'pod install' or update your CocoaPods installation.\" >&2\n    exit 1\nfi\n# This output is used by Xcode 'outputs' to avoid re-running this script phase.\necho \"SUCCESS\" > \"${SCRIPT_OUTPUT_FILE_0}\"\n";
			showEnvVarsInLog = 0;
		};
		CBEFBDDE9A1277E173474FBB /* [CP] Embed Pods Frameworks */ = {
			isa = PBXShellScriptBuildPhase;
			buildActionMask = 2147483647;
			files = (
			);
			inputFileListPaths = (
			);
			inputPaths = (
				"${PODS_ROOT}/Target Support Files/Pods-Stockly/Pods-Stockly-frameworks.sh",
				"${BUILT_PRODUCTS_DIR}/Alamofire/Alamofire.framework",
				"${BUILT_PRODUCTS_DIR}/DropDown/DropDown.framework",
				"${BUILT_PRODUCTS_DIR}/FBSDKCoreKit/FBSDKCoreKit.framework",
				"${BUILT_PRODUCTS_DIR}/FBSDKLoginKit/FBSDKLoginKit.framework",
				"${BUILT_PRODUCTS_DIR}/FacebookCore/FacebookCore.framework",
				"${BUILT_PRODUCTS_DIR}/FacebookLogin/FacebookLogin.framework",
				"${BUILT_PRODUCTS_DIR}/GTMSessionFetcher/GTMSessionFetcher.framework",
				"${BUILT_PRODUCTS_DIR}/GoogleUtilities/GoogleUtilities.framework",
				"${BUILT_PRODUCTS_DIR}/JGProgressHUD/JGProgressHUD.framework",
				"${BUILT_PRODUCTS_DIR}/LBTAComponents/LBTAComponents.framework",
				"${BUILT_PRODUCTS_DIR}/SwiftyJSON/SwiftyJSON.framework",
				"${BUILT_PRODUCTS_DIR}/leveldb-library/leveldb.framework",
				"${BUILT_PRODUCTS_DIR}/nanopb/nanopb.framework",
			);
			name = "[CP] Embed Pods Frameworks";
			outputFileListPaths = (
			);
			outputPaths = (
				"${TARGET_BUILD_DIR}/${FRAMEWORKS_FOLDER_PATH}/Alamofire.framework",
				"${TARGET_BUILD_DIR}/${FRAMEWORKS_FOLDER_PATH}/DropDown.framework",
				"${TARGET_BUILD_DIR}/${FRAMEWORKS_FOLDER_PATH}/FBSDKCoreKit.framework",
				"${TARGET_BUILD_DIR}/${FRAMEWORKS_FOLDER_PATH}/FBSDKLoginKit.framework",
				"${TARGET_BUILD_DIR}/${FRAMEWORKS_FOLDER_PATH}/FacebookCore.framework",
				"${TARGET_BUILD_DIR}/${FRAMEWORKS_FOLDER_PATH}/FacebookLogin.framework",
				"${TARGET_BUILD_DIR}/${FRAMEWORKS_FOLDER_PATH}/GTMSessionFetcher.framework",
				"${TARGET_BUILD_DIR}/${FRAMEWORKS_FOLDER_PATH}/GoogleUtilities.framework",
				"${TARGET_BUILD_DIR}/${FRAMEWORKS_FOLDER_PATH}/JGProgressHUD.framework",
				"${TARGET_BUILD_DIR}/${FRAMEWORKS_FOLDER_PATH}/LBTAComponents.framework",
				"${TARGET_BUILD_DIR}/${FRAMEWORKS_FOLDER_PATH}/SwiftyJSON.framework",
				"${TARGET_BUILD_DIR}/${FRAMEWORKS_FOLDER_PATH}/leveldb.framework",
				"${TARGET_BUILD_DIR}/${FRAMEWORKS_FOLDER_PATH}/nanopb.framework",
			);
			runOnlyForDeploymentPostprocessing = 0;
			shellPath = /bin/sh;
			shellScript = "\"${PODS_ROOT}/Target Support Files/Pods-Stockly/Pods-Stockly-frameworks.sh\"\n";
			showEnvVarsInLog = 0;
		};
/* End PBXShellScriptBuildPhase section */

/* Begin PBXSourcesBuildPhase section */
		5760223F2294E226003F1784 /* Sources */ = {
			isa = PBXSourcesBuildPhase;
			buildActionMask = 2147483647;
			files = (
				57F765E32295997800431F79 /* SignInViewController.swift in Sources */,
				57F765D62294EB1B00431F79 /* Service.swift in Sources */,
				5734E92522B84EFB0020BECA /* HomeCollectionViewCell.swift in Sources */,
				5734E92B22B988830020BECA /* HomeStockDetailViewController.swift in Sources */,
				571701A9229758CB00361B09 /* CollectionViewCell.swift in Sources */,
				5734E92322B84C540020BECA /* HomeCollectionViewController.swift in Sources */,
				5734E92722B85BE50020BECA /* SectorController.swift in Sources */,
				571701B022975EC900361B09 /* StatsViewController.swift in Sources */,
				576022472294E226003F1784 /* AppDelegate.swift in Sources */,
				574C846322B2EA5200390342 /* Collection.swift in Sources */,
				57F765E52295998F00431F79 /* SignUpViewController.swift in Sources */,
				57F765DB2295848700431F79 /* MainTabBarController.swift in Sources */,
				574516EC22B192D9000F8118 /* HomeTableViewCell.swift in Sources */,
				57F765D92295844A00431F79 /* LaunchScreenViewController.swift in Sources */,
				57F765EB2295C96400431F79 /* CurrentUser.swift in Sources */,
				571701AD22975E6800361B09 /* ResultsViewController.swift in Sources */,
				571701AB22975A0400361B09 /* SearchViewController.swift in Sources */,
				574C846A22B2ECF500390342 /* StockController.swift in Sources */,
				571701A7229757E100361B09 /* TableViewCell.swift in Sources */,
				574C846622B2EC8300390342 /* DataGetter.swift in Sources */,
				5734E92922B860530020BECA /* SectorCollectionViewCellDelegate.swift in Sources */,
				574516EA22B19270000F8118 /* HomeTableViewController.swift in Sources */,
				57F765DF229586AD00431F79 /* WelcomeViewController.swift in Sources */,
				57F765DD229584EB00431F79 /* Credit.swift in Sources */,
				571701B42297710000361B09 /* SettingsViewController.swift in Sources */,
			);
			runOnlyForDeploymentPostprocessing = 0;
		};
/* End PBXSourcesBuildPhase section */

/* Begin PBXVariantGroup section */
		5760224A2294E226003F1784 /* Main.storyboard */ = {
			isa = PBXVariantGroup;
			children = (
				5760224B2294E226003F1784 /* Base */,
			);
			name = Main.storyboard;
			sourceTree = "<group>";
		};
		5760224F2294E22D003F1784 /* LaunchScreen.storyboard */ = {
			isa = PBXVariantGroup;
			children = (
				576022502294E22D003F1784 /* Base */,
			);
			name = LaunchScreen.storyboard;
			sourceTree = "<group>";
		};
/* End PBXVariantGroup section */

/* Begin XCBuildConfiguration section */
		576022532294E22D003F1784 /* Debug */ = {
			isa = XCBuildConfiguration;
			buildSettings = {
				ALWAYS_SEARCH_USER_PATHS = NO;
				CLANG_ANALYZER_NONNULL = YES;
				CLANG_ANALYZER_NUMBER_OBJECT_CONVERSION = YES_AGGRESSIVE;
				CLANG_CXX_LANGUAGE_STANDARD = "gnu++14";
				CLANG_CXX_LIBRARY = "libc++";
				CLANG_ENABLE_MODULES = YES;
				CLANG_ENABLE_OBJC_ARC = YES;
				CLANG_ENABLE_OBJC_WEAK = YES;
				CLANG_WARN_BLOCK_CAPTURE_AUTORELEASING = YES;
				CLANG_WARN_BOOL_CONVERSION = YES;
				CLANG_WARN_COMMA = YES;
				CLANG_WARN_CONSTANT_CONVERSION = YES;
				CLANG_WARN_DEPRECATED_OBJC_IMPLEMENTATIONS = YES;
				CLANG_WARN_DIRECT_OBJC_ISA_USAGE = YES_ERROR;
				CLANG_WARN_DOCUMENTATION_COMMENTS = YES;
				CLANG_WARN_EMPTY_BODY = YES;
				CLANG_WARN_ENUM_CONVERSION = YES;
				CLANG_WARN_INFINITE_RECURSION = YES;
				CLANG_WARN_INT_CONVERSION = YES;
				CLANG_WARN_NON_LITERAL_NULL_CONVERSION = YES;
				CLANG_WARN_OBJC_IMPLICIT_RETAIN_SELF = YES;
				CLANG_WARN_OBJC_LITERAL_CONVERSION = YES;
				CLANG_WARN_OBJC_ROOT_CLASS = YES_ERROR;
				CLANG_WARN_RANGE_LOOP_ANALYSIS = YES;
				CLANG_WARN_STRICT_PROTOTYPES = YES;
				CLANG_WARN_SUSPICIOUS_MOVE = YES;
				CLANG_WARN_UNGUARDED_AVAILABILITY = YES_AGGRESSIVE;
				CLANG_WARN_UNREACHABLE_CODE = YES;
				CLANG_WARN__DUPLICATE_METHOD_MATCH = YES;
				CODE_SIGN_IDENTITY = "iPhone Developer";
				COPY_PHASE_STRIP = NO;
				DEBUG_INFORMATION_FORMAT = dwarf;
				ENABLE_STRICT_OBJC_MSGSEND = YES;
				ENABLE_TESTABILITY = YES;
				GCC_C_LANGUAGE_STANDARD = gnu11;
				GCC_DYNAMIC_NO_PIC = NO;
				GCC_NO_COMMON_BLOCKS = YES;
				GCC_OPTIMIZATION_LEVEL = 0;
				GCC_PREPROCESSOR_DEFINITIONS = (
					"DEBUG=1",
					"$(inherited)",
				);
				GCC_WARN_64_TO_32_BIT_CONVERSION = YES;
				GCC_WARN_ABOUT_RETURN_TYPE = YES_ERROR;
				GCC_WARN_UNDECLARED_SELECTOR = YES;
				GCC_WARN_UNINITIALIZED_AUTOS = YES_AGGRESSIVE;
				GCC_WARN_UNUSED_FUNCTION = YES;
				GCC_WARN_UNUSED_VARIABLE = YES;
				IPHONEOS_DEPLOYMENT_TARGET = 12.2;
				MTL_ENABLE_DEBUG_INFO = INCLUDE_SOURCE;
				MTL_FAST_MATH = YES;
				ONLY_ACTIVE_ARCH = YES;
				SDKROOT = iphoneos;
				SWIFT_ACTIVE_COMPILATION_CONDITIONS = DEBUG;
				SWIFT_OPTIMIZATION_LEVEL = "-Onone";
			};
			name = Debug;
		};
		576022542294E22D003F1784 /* Release */ = {
			isa = XCBuildConfiguration;
			buildSettings = {
				ALWAYS_SEARCH_USER_PATHS = NO;
				CLANG_ANALYZER_NONNULL = YES;
				CLANG_ANALYZER_NUMBER_OBJECT_CONVERSION = YES_AGGRESSIVE;
				CLANG_CXX_LANGUAGE_STANDARD = "gnu++14";
				CLANG_CXX_LIBRARY = "libc++";
				CLANG_ENABLE_MODULES = YES;
				CLANG_ENABLE_OBJC_ARC = YES;
				CLANG_ENABLE_OBJC_WEAK = YES;
				CLANG_WARN_BLOCK_CAPTURE_AUTORELEASING = YES;
				CLANG_WARN_BOOL_CONVERSION = YES;
				CLANG_WARN_COMMA = YES;
				CLANG_WARN_CONSTANT_CONVERSION = YES;
				CLANG_WARN_DEPRECATED_OBJC_IMPLEMENTATIONS = YES;
				CLANG_WARN_DIRECT_OBJC_ISA_USAGE = YES_ERROR;
				CLANG_WARN_DOCUMENTATION_COMMENTS = YES;
				CLANG_WARN_EMPTY_BODY = YES;
				CLANG_WARN_ENUM_CONVERSION = YES;
				CLANG_WARN_INFINITE_RECURSION = YES;
				CLANG_WARN_INT_CONVERSION = YES;
				CLANG_WARN_NON_LITERAL_NULL_CONVERSION = YES;
				CLANG_WARN_OBJC_IMPLICIT_RETAIN_SELF = YES;
				CLANG_WARN_OBJC_LITERAL_CONVERSION = YES;
				CLANG_WARN_OBJC_ROOT_CLASS = YES_ERROR;
				CLANG_WARN_RANGE_LOOP_ANALYSIS = YES;
				CLANG_WARN_STRICT_PROTOTYPES = YES;
				CLANG_WARN_SUSPICIOUS_MOVE = YES;
				CLANG_WARN_UNGUARDED_AVAILABILITY = YES_AGGRESSIVE;
				CLANG_WARN_UNREACHABLE_CODE = YES;
				CLANG_WARN__DUPLICATE_METHOD_MATCH = YES;
				CODE_SIGN_IDENTITY = "iPhone Developer";
				COPY_PHASE_STRIP = NO;
				DEBUG_INFORMATION_FORMAT = "dwarf-with-dsym";
				ENABLE_NS_ASSERTIONS = NO;
				ENABLE_STRICT_OBJC_MSGSEND = YES;
				GCC_C_LANGUAGE_STANDARD = gnu11;
				GCC_NO_COMMON_BLOCKS = YES;
				GCC_WARN_64_TO_32_BIT_CONVERSION = YES;
				GCC_WARN_ABOUT_RETURN_TYPE = YES_ERROR;
				GCC_WARN_UNDECLARED_SELECTOR = YES;
				GCC_WARN_UNINITIALIZED_AUTOS = YES_AGGRESSIVE;
				GCC_WARN_UNUSED_FUNCTION = YES;
				GCC_WARN_UNUSED_VARIABLE = YES;
				IPHONEOS_DEPLOYMENT_TARGET = 12.2;
				MTL_ENABLE_DEBUG_INFO = NO;
				MTL_FAST_MATH = YES;
				SDKROOT = iphoneos;
				SWIFT_COMPILATION_MODE = wholemodule;
				SWIFT_OPTIMIZATION_LEVEL = "-O";
				VALIDATE_PRODUCT = YES;
			};
			name = Release;
		};
		576022562294E22D003F1784 /* Debug */ = {
			isa = XCBuildConfiguration;
			baseConfigurationReference = 2EC461C1B133537BD2210919 /* Pods-Stockly.debug.xcconfig */;
			buildSettings = {
				ASSETCATALOG_COMPILER_APPICON_NAME = AppIcon;
				CODE_SIGN_STYLE = Automatic;
				DEVELOPMENT_TEAM = PX6J4SWYW9;
				INFOPLIST_FILE = Stockly/Resources/Info.plist;
				LD_RUNPATH_SEARCH_PATHS = (
					"$(inherited)",
					"@executable_path/Frameworks",
				);
				PRODUCT_BUNDLE_IDENTIFIER = vicxruiz.Stockly;
				PRODUCT_NAME = "$(TARGET_NAME)";
				SWIFT_VERSION = 5.0;
				TARGETED_DEVICE_FAMILY = "1,2";
			};
			name = Debug;
		};
		576022572294E22D003F1784 /* Release */ = {
			isa = XCBuildConfiguration;
			baseConfigurationReference = B6EF84E33B3923BA090D16A3 /* Pods-Stockly.release.xcconfig */;
			buildSettings = {
				ASSETCATALOG_COMPILER_APPICON_NAME = AppIcon;
				CODE_SIGN_STYLE = Automatic;
				DEVELOPMENT_TEAM = PX6J4SWYW9;
				INFOPLIST_FILE = Stockly/Resources/Info.plist;
				LD_RUNPATH_SEARCH_PATHS = (
					"$(inherited)",
					"@executable_path/Frameworks",
				);
				PRODUCT_BUNDLE_IDENTIFIER = vicxruiz.Stockly;
				PRODUCT_NAME = "$(TARGET_NAME)";
				SWIFT_VERSION = 5.0;
				TARGETED_DEVICE_FAMILY = "1,2";
			};
			name = Release;
		};
/* End XCBuildConfiguration section */

/* Begin XCConfigurationList section */
		5760223E2294E226003F1784 /* Build configuration list for PBXProject "Stockly" */ = {
			isa = XCConfigurationList;
			buildConfigurations = (
				576022532294E22D003F1784 /* Debug */,
				576022542294E22D003F1784 /* Release */,
			);
			defaultConfigurationIsVisible = 0;
			defaultConfigurationName = Release;
		};
		576022552294E22D003F1784 /* Build configuration list for PBXNativeTarget "Stockly" */ = {
			isa = XCConfigurationList;
			buildConfigurations = (
				576022562294E22D003F1784 /* Debug */,
				576022572294E22D003F1784 /* Release */,
			);
			defaultConfigurationIsVisible = 0;
			defaultConfigurationName = Release;
		};
/* End XCConfigurationList section */
	};
	rootObject = 5760223B2294E226003F1784 /* Project object */;
}
